
Microsoft Visual Studio Solution File, Format Version 12.00
# Visual Studio 15
VisualStudioVersion = 15.0.28010.2016
MinimumVisualStudioVersion = 10.0.40219.1
Project("{FAE04EC0-301F-11D3-BF4B-00C04F79EFBC}") = "PropertyRegister.REAU", "PropertyRegister.REAU\PropertyRegister.REAU.csproj", "{F8F55F6D-BD0F-4F27-A395-44CB46F140C9}"
EndProject
Project("{FAE04EC0-301F-11D3-BF4B-00C04F79EFBC}") = "PropertyRegister.REAU.Test", "PropertyRegister.REAU.Test\PropertyRegister.REAU.Test.csproj", "{948C7A6F-B429-43B0-AC16-1819B4BA894E}"
EndProject
Project("{FAE04EC0-301F-11D3-BF4B-00C04F79EFBC}") = "ConsoleApp1", "ConsoleApp1\ConsoleApp1.csproj", "{C5B382BC-C11E-4E66-B678-E8ADBDB5A448}"
EndProject
Project("{FAE04EC0-301F-11D3-BF4B-00C04F79EFBC}") = "ConsoleApp0", "ConsoleApp0\ConsoleApp0.csproj", "{3F705C96-851E-4A02-B172-3037DA6DE2F2}"
EndProject
Project("{9A19103F-16F7-4668-BE54-9A1E7A4F7556}") = "PropertyRegister.REAU.Web.Api", "PropertyRegister.REAU.Web.Api\PropertyRegister.REAU.Web.Api.csproj", "{BD0EBC26-3B7E-4825-8F90-21A08059122C}"
EndProject
Project("{FAE04EC0-301F-11D3-BF4B-00C04F79EFBC}") = "PropertyRegister.REAU.MessageProcessor", "PropertyRegister.REAU.MessageProcessor\PropertyRegister.REAU.MessageProcessor.csproj", "{FAFA1766-9255-452C-B713-DFC7AF45A59D}"
EndProject
Global
	GlobalSection(SolutionConfigurationPlatforms) = preSolution
		Debug|Any CPU = Debug|Any CPU
		Release|Any CPU = Release|Any CPU
	EndGlobalSection
	GlobalSection(ProjectConfigurationPlatforms) = postSolution
		{F8F55F6D-BD0F-4F27-A395-44CB46F140C9}.Debug|Any CPU.ActiveCfg = Debug|Any CPU
		{F8F55F6D-BD0F-4F27-A395-44CB46F140C9}.Debug|Any CPU.Build.0 = Debug|Any CPU
		{F8F55F6D-BD0F-4F27-A395-44CB46F140C9}.Release|Any CPU.ActiveCfg = Release|Any CPU
		{F8F55F6D-BD0F-4F27-A395-44CB46F140C9}.Release|Any CPU.Build.0 = Release|Any CPU
		{948C7A6F-B429-43B0-AC16-1819B4BA894E}.Debug|Any CPU.ActiveCfg = Debug|Any CPU
		{948C7A6F-B429-43B0-AC16-1819B4BA894E}.Debug|Any CPU.Build.0 = Debug|Any CPU
		{948C7A6F-B429-43B0-AC16-1819B4BA894E}.Release|Any CPU.ActiveCfg = Release|Any CPU
		{948C7A6F-B429-43B0-AC16-1819B4BA894E}.Release|Any CPU.Build.0 = Release|Any CPU
		{C5B382BC-C11E-4E66-B678-E8ADBDB5A448}.Debug|Any CPU.ActiveCfg = Debug|Any CPU
		{C5B382BC-C11E-4E66-B678-E8ADBDB5A448}.Debug|Any CPU.Build.0 = Debug|Any CPU
		{C5B382BC-C11E-4E66-B678-E8ADBDB5A448}.Release|Any CPU.ActiveCfg = Release|Any CPU
		{C5B382BC-C11E-4E66-B678-E8ADBDB5A448}.Release|Any CPU.Build.0 = Release|Any CPU
		{3F705C96-851E-4A02-B172-3037DA6DE2F2}.Debug|Any CPU.ActiveCfg = Debug|Any CPU
		{3F705C96-851E-4A02-B172-3037DA6DE2F2}.Debug|Any CPU.Build.0 = Debug|Any CPU
		{3F705C96-851E-4A02-B172-3037DA6DE2F2}.Release|Any CPU.ActiveCfg = Release|Any CPU
		{3F705C96-851E-4A02-B172-3037DA6DE2F2}.Release|Any CPU.Build.0 = Release|Any CPU
		{BD0EBC26-3B7E-4825-8F90-21A08059122C}.Debug|Any CPU.ActiveCfg = Debug|Any CPU
		{BD0EBC26-3B7E-4825-8F90-21A08059122C}.Debug|Any CPU.Build.0 = Debug|Any CPU
		{BD0EBC26-3B7E-4825-8F90-21A08059122C}.Release|Any CPU.ActiveCfg = Release|Any CPU
		{BD0EBC26-3B7E-4825-8F90-21A08059122C}.Release|Any CPU.Build.0 = Release|Any CPU
		{FAFA1766-9255-452C-B713-DFC7AF45A59D}.Debug|Any CPU.ActiveCfg = Debug|Any CPU
		{FAFA1766-9255-452C-B713-DFC7AF45A59D}.Debug|Any CPU.Build.0 = Debug|Any CPU
		{FAFA1766-9255-452C-B713-DFC7AF45A59D}.Release|Any CPU.ActiveCfg = Release|Any CPU
		{FAFA1766-9255-452C-B713-DFC7AF45A59D}.Release|Any CPU.Build.0 = Release|Any CPU
	EndGlobalSection
	GlobalSection(SolutionProperties) = preSolution
		HideSolutionNode = FALSE
	EndGlobalSection
	GlobalSection(ExtensibilityGlobals) = postSolution
		SolutionGuid = {5864A558-35D0-4864-B307-2F14F555C6F1}
	EndGlobalSection
EndGlobal
